{
  "name": "nextlevel",
  "version": "1.0.0",
  "lockfileVersion": 1,
  "requires": true,
  "dependencies": {
    "graceful-fs": {
      "version": "2.0.3",
      "resolved": "https://registry.npmjs.org/graceful-fs/-/graceful-fs-2.0.3.tgz",
      "integrity": "sha1-fNLNsiiko/Nule+mzBQt59GhNtA=",
      "dev": true
    },
    "jsondir": {
      "version": "0.1.3",
      "resolved": "https://registry.npmjs.org/jsondir/-/jsondir-0.1.3.tgz",
      "integrity": "sha1-i0Hersr6dGQjviDmS1wP0vl3d7o=",
      "dev": true,
      "requires": {
        "graceful-fs": "~2.0.1",
        "mkdirp": "~0.3.5",
        "rimraf": "~2.2.2",
        "uid-number": "0.0.3",
        "xtend": "~2.1.1"
      }
    },
    "mkdirp": {
      "version": "0.3.5",
      "resolved": "https://registry.npmjs.org/mkdirp/-/mkdirp-0.3.5.tgz",
      "integrity": "sha1-3j5fiWHIjHh+4TaN+EmsRBPsqNc=",
      "dev": true
    },
    "object-keys": {
      "version": "0.4.0",
      "resolved": "https://registry.npmjs.org/object-keys/-/object-keys-0.4.0.tgz",
      "integrity": "sha1-KKaq50KN0sOpLz2V8hM13SBOAzY=",
      "dev": true
    },
    "rimraf": {
      "version": "2.2.8",
      "resolved": "https://registry.npmjs.org/rimraf/-/rimraf-2.2.8.tgz",
      "integrity": "sha1-5Dm+Kq7jJzIZUnMPmaiSnk/FBYI=",
      "dev": true
    },
    "uid-number": {
      "version": "0.0.3",
      "resolved": "https://registry.npmjs.org/uid-number/-/uid-number-0.0.3.tgz",
      "integrity": "sha1-zvsPoTjY2AmNpxpAoNBKgyfW4cw=",
      "dev": true
    },
    "xtend": {
      "version": "2.1.2",
      "resolved": "https://registry.npmjs.org/xtend/-/xtend-2.1.2.tgz",
      "integrity": "sha1-bv7MKk2tjmlixJAbM3znuoe10os=",
      "dev": true,
      "requires": {
        "object-keys": "~0.4.0"
      }
    }
  }
}
